{
	"requires": true,
	"lockfileVersion": 1,
	"dependencies": {
		"@nsis/language-data": {
			"version": "0.9.2",
			"resolved": "https://registry.npmjs.org/@nsis/language-data/-/language-data-0.9.2.tgz",
			"integrity": "sha512-uFms/pMkAbHoxhcSH2NR/7LMAxlbECcnkq08/wBppNIKB3mRwasqWhBfA827LdvYFEW5vJBPMbT1dkyh9+X+zA==",
			"dev": true
		},
		"dotenv": {
			"version": "16.3.1",
			"resolved": "https://registry.npmjs.org/dotenv/-/dotenv-16.3.1.tgz",
			"integrity": "sha512-IPzF4w4/Rd94bA9imS68tZBaYyBWSCE47V1RGuMrB94iyTOIEwRmVL2x/4An+6mETpLrKJ5hQkB8W4kFAadeIQ==",
			"dev": true
		},
		"dotenv-expand": {
			"version": "10.0.0",
			"resolved": "https://registry.npmjs.org/dotenv-expand/-/dotenv-expand-10.0.0.tgz",
			"integrity": "sha512-GopVGCpVS1UKH75VKHGuQFqS1Gusej0z4FyQkPdwjil2gNIv+LNsqBlboOzpJFZKVT95GkCyWJbBSdFEFUWI2A==",
			"dev": true
		},
		"makensis": {
			"version": "2.0.8",
			"resolved": "https://registry.npmjs.org/makensis/-/makensis-2.0.8.tgz",
			"integrity": "sha512-DEwR7EHnRAQEx5cgvLzHiIjwH471wEfJasa2mTMLuW6byYgY6F+87TiSj8n8C5OYtBCQwA8Fd6S7N0I5ayTvKQ==",
			"dev": true,
			"requires": {
				"@nsis/language-data": "^0.9.0",
				"dotenv": "^16.3.1",
				"dotenv-expand": "^10.0.0"
			}
		}
	}
}
